// !$*UTF8*$!
{
	archiveVersion = 1;
	classes = {
	};
	objectVersion = 46;
	objects = {

/* Begin PBXBuildFile section */
		DB1B7CB11EEF8D40000CFECC /* cityArea.plist in Resources */ = {isa = PBXBuildFile; fileRef = DB1B7CB01EEF8D40000CFECC /* cityArea.plist */; };
		DB1B7CB61EEFCF82000CFECC /* YHTAddressTableContentViewController.m in Sources */ = {isa = PBXBuildFile; fileRef = DB1B7CB51EEFCF82000CFECC /* YHTAddressTableContentViewController.m */; };
		DBBD5DC51EEE79970049C568 /* main.m in Sources */ = {isa = PBXBuildFile; fileRef = DBBD5DC41EEE79970049C568 /* main.m */; };
		DBBD5DC81EEE79970049C568 /* AppDelegate.m in Sources */ = {isa = PBXBuildFile; fileRef = DBBD5DC71EEE79970049C568 /* AppDelegate.m */; };
		DBBD5DCB1EEE79970049C568 /* ViewController.m in Sources */ = {isa = PBXBuildFile; fileRef = DBBD5DCA1EEE79970049C568 /* ViewController.m */; };
		DBBD5DCE1EEE79970049C568 /* Main.storyboard in Resources */ = {isa = PBXBuildFile; fileRef = DBBD5DCC1EEE79970049C568 /* Main.storyboard */; };
		DBBD5DD01EEE79970049C568 /* Assets.xcassets in Resources */ = {isa = PBXBuildFile; fileRef = DBBD5DCF1EEE79970049C568 /* Assets.xcassets */; };
		DBBD5DD31EEE79970049C568 /* LaunchScreen.storyboard in Resources */ = {isa = PBXBuildFile; fileRef = DBBD5DD11EEE79970049C568 /* LaunchScreen.storyboard */; };
		DBBD5DDD1EEE79ED0049C568 /* YHTAddressPickerViewController.m in Sources */ = {isa = PBXBuildFile; fileRef = DBBD5DDC1EEE79ED0049C568 /* YHTAddressPickerViewController.m */; };
		DBBD5DE11EEE7B130049C568 /* YHTAddressModel.m in Sources */ = {isa = PBXBuildFile; fileRef = DBBD5DE01EEE7B130049C568 /* YHTAddressModel.m */; };
		DBBD5DE51EEE8F510049C568 /* YHTAddressDefaultDataSource.m in Sources */ = {isa = PBXBuildFile; fileRef = DBBD5DE41EEE8F510049C568 /* YHTAddressDefaultDataSource.m */; };
/* End PBXBuildFile section */

/* Begin PBXFileReference section */
		DB1B7CB01EEF8D40000CFECC /* cityArea.plist */ = {isa = PBXFileReference; fileEncoding = 4; lastKnownFileType = text.plist.xml; path = cityArea.plist; sourceTree = "<group>"; };
		DB1B7CB41EEFCF82000CFECC /* YHTAddressTableContentViewController.h */ = {isa = PBXFileReference; fileEncoding = 4; lastKnownFileType = sourcecode.c.h; path = YHTAddressTableContentViewController.h; sourceTree = "<group>"; };
		DB1B7CB51EEFCF82000CFECC /* YHTAddressTableContentViewController.m */ = {isa = PBXFileReference; fileEncoding = 4; lastKnownFileType = sourcecode.c.objc; path = YHTAddressTableContentViewController.m; sourceTree = "<group>"; };
		DBBD5DC01EEE79970049C568 /* YHTAddressPicker.app */ = {isa = PBXFileReference; explicitFileType = wrapper.application; includeInIndex = 0; path = YHTAddressPicker.app; sourceTree = BUILT_PRODUCTS_DIR; };
		DBBD5DC41EEE79970049C568 /* main.m */ = {isa = PBXFileReference; lastKnownFileType = sourcecode.c.objc; path = main.m; sourceTree = "<group>"; };
		DBBD5DC61EEE79970049C568 /* AppDelegate.h */ = {isa = PBXFileReference; lastKnownFileType = sourcecode.c.h; path = AppDelegate.h; sourceTree = "<group>"; };
		DBBD5DC71EEE79970049C568 /* AppDelegate.m */ = {isa = PBXFileReference; lastKnownFileType = sourcecode.c.objc; path = AppDelegate.m; sourceTree = "<group>"; };
		DBBD5DC91EEE79970049C568 /* ViewController.h */ = {isa = PBXFileReference; lastKnownFileType = sourcecode.c.h; path = ViewController.h; sourceTree = "<group>"; };
		DBBD5DCA1EEE79970049C568 /* ViewController.m */ = {isa = PBXFileReference; lastKnownFileType = sourcecode.c.objc; path = ViewController.m; sourceTree = "<group>"; };
		DBBD5DCD1EEE79970049C568 /* Base */ = {isa = PBXFileReference; lastKnownFileType = file.storyboard; name = Base; path = Base.lproj/Main.storyboard; sourceTree = "<group>"; };
		DBBD5DCF1EEE79970049C568 /* Assets.xcassets */ = {isa = PBXFileReference; lastKnownFileType = folder.assetcatalog; path = Assets.xcassets; sourceTree = "<group>"; };
		DBBD5DD21EEE79970049C568 /* Base */ = {isa = PBXFileReference; lastKnownFileType = file.storyboard; name = Base; path = Base.lproj/LaunchScreen.storyboard; sourceTree = "<group>"; };
		DBBD5DD41EEE79970049C568 /* Info.plist */ = {isa = PBXFileReference; lastKnownFileType = text.plist.xml; path = Info.plist; sourceTree = "<group>"; };
		DBBD5DDB1EEE79ED0049C568 /* YHTAddressPickerViewController.h */ = {isa = PBXFileReference; fileEncoding = 4; lastKnownFileType = sourcecode.c.h; path = YHTAddressPickerViewController.h; sourceTree = "<group>"; };
		DBBD5DDC1EEE79ED0049C568 /* YHTAddressPickerViewController.m */ = {isa = PBXFileReference; fileEncoding = 4; lastKnownFileType = sourcecode.c.objc; path = YHTAddressPickerViewController.m; sourceTree = "<group>"; };
		DBBD5DDF1EEE7B130049C568 /* YHTAddressModel.h */ = {isa = PBXFileReference; fileEncoding = 4; lastKnownFileType = sourcecode.c.h; path = YHTAddressModel.h; sourceTree = "<group>"; };
		DBBD5DE01EEE7B130049C568 /* YHTAddressModel.m */ = {isa = PBXFileReference; fileEncoding = 4; lastKnownFileType = sourcecode.c.objc; path = YHTAddressModel.m; sourceTree = "<group>"; };
		DBBD5DE21EEE7CD30049C568 /* YHTAddressDataSource.h */ = {isa = PBXFileReference; fileEncoding = 4; lastKnownFileType = sourcecode.c.h; path = YHTAddressDataSource.h; sourceTree = "<group>"; };
		DBBD5DE31EEE8F510049C568 /* YHTAddressDefaultDataSource.h */ = {isa = PBXFileReference; fileEncoding = 4; lastKnownFileType = sourcecode.c.h; path = YHTAddressDefaultDataSource.h; sourceTree = "<group>"; };
		DBBD5DE41EEE8F510049C568 /* YHTAddressDefaultDataSource.m */ = {isa = PBXFileReference; fileEncoding = 4; lastKnownFileType = sourcecode.c.objc; path = YHTAddressDefaultDataSource.m; sourceTree = "<group>"; };
/* End PBXFileReference section */

/* Begin PBXFrameworksBuildPhase section */
		DBBD5DBD1EEE79970049C568 /* Frameworks */ = {
			isa = PBXFrameworksBuildPhase;
			buildActionMask = 2147483647;
			files = (
			);
			runOnlyForDeploymentPostprocessing = 0;
		};
/* End PBXFrameworksBuildPhase section */

/* Begin PBXGroup section */
		DBBD5DB71EEE79970049C568 = {
			isa = PBXGroup;
			children = (
				DBBD5DC21EEE79970049C568 /* YHTAddressPicker */,
				DBBD5DC11EEE79970049C568 /* Products */,
			);
			sourceTree = "<group>";
		};
		DBBD5DC11EEE79970049C568 /* Products */ = {
			isa = PBXGroup;
			children = (
				DBBD5DC01EEE79970049C568 /* YHTAddressPicker.app */,
			);
			name = Products;
			sourceTree = "<group>";
		};
		DBBD5DC21EEE79970049C568 /* YHTAddressPicker */ = {
			isa = PBXGroup;
			children = (
				DBBD5DDA1EEE79B40049C568 /* addressPicker */,
				DBBD5DC61EEE79970049C568 /* AppDelegate.h */,
				DBBD5DC71EEE79970049C568 /* AppDelegate.m */,
				DBBD5DC91EEE79970049C568 /* ViewController.h */,
				DBBD5DCA1EEE79970049C568 /* ViewController.m */,
				DBBD5DCC1EEE79970049C568 /* Main.storyboard */,
				DBBD5DCF1EEE79970049C568 /* Assets.xcassets */,
				DBBD5DD11EEE79970049C568 /* LaunchScreen.storyboard */,
				DBBD5DD41EEE79970049C568 /* Info.plist */,
				DBBD5DC31EEE79970049C568 /* Supporting Files */,
			);
			path = YHTAddressPicker;
			sourceTree = "<group>";
		};
		DBBD5DC31EEE79970049C568 /* Supporting Files */ = {
			isa = PBXGroup;
			children = (
				DBBD5DC41EEE79970049C568 /* main.m */,
			);
			name = "Supporting Files";
			sourceTree = "<group>";
		};
		DBBD5DDA1EEE79B40049C568 /* addressPicker */ = {
			isa = PBXGroup;
			children = (
				DB1B7CB01EEF8D40000CFECC /* cityArea.plist */,
				DBBD5DDB1EEE79ED0049C568 /* YHTAddressPickerViewController.h */,
				DBBD5DDC1EEE79ED0049C568 /* YHTAddressPickerViewController.m */,
				DBBD5DDF1EEE7B130049C568 /* YHTAddressModel.h */,
				DBBD5DE01EEE7B130049C568 /* YHTAddressModel.m */,
				DBBD5DE21EEE7CD30049C568 /* YHTAddressDataSource.h */,
				DBBD5DE31EEE8F510049C568 /* YHTAddressDefaultDataSource.h */,
				DBBD5DE41EEE8F510049C568 /* YHTAddressDefaultDataSource.m */,
				DB1B7CB41EEFCF82000CFECC /* YHTAddressTableContentViewController.h */,
				DB1B7CB51EEFCF82000CFECC /* YHTAddressTableContentViewController.m */,
			);
			path = addressPicker;
			sourceTree = "<group>";
		};
/* End PBXGroup section */

/* Begin PBXNativeTarget section */
		DBBD5DBF1EEE79970049C568 /* YHTAddressPicker */ = {
			isa = PBXNativeTarget;
			buildConfigurationList = DBBD5DD71EEE79970049C568 /* Build configuration list for PBXNativeTarget "YHTAddressPicker" */;
			buildPhases = (
				DBBD5DBC1EEE79970049C568 /* Sources */,
				DBBD5DBD1EEE79970049C568 /* Frameworks */,
				DBBD5DBE1EEE79970049C568 /* Resources */,
			);
			buildRules = (
			);
			dependencies = (
			);
			name = YHTAddressPicker;
			productName = YHTAddressPicker;
			productReference = DBBD5DC01EEE79970049C568 /* YHTAddressPicker.app */;
			productType = "com.apple.product-type.application";
		};
/* End PBXNativeTarget section */

/* Begin PBXProject section */
		DBBD5DB81EEE79970049C568 /* Project object */ = {
			isa = PBXProject;
			attributes = {
				LastUpgradeCheck = 0820;
				ORGANIZATIONNAME = isoftstone;
				TargetAttributes = {
					DBBD5DBF1EEE79970049C568 = {
						CreatedOnToolsVersion = 8.2;
						DevelopmentTeam = 3X434F5U2F;
						ProvisioningStyle = Automatic;
					};
				};
			};
			buildConfigurationList = DBBD5DBB1EEE79970049C568 /* Build configuration list for PBXProject "YHTAddressPicker" */;
			compatibilityVersion = "Xcode 3.2";
			developmentRegion = English;
			hasScannedForEncodings = 0;
			knownRegions = (
				en,
				Base,
			);
			mainGroup = DBBD5DB71EEE79970049C568;
			productRefGroup = DBBD5DC11EEE79970049C568 /* Products */;
			projectDirPath = "";
			projectRoot = "";
			targets = (
				DBBD5DBF1EEE79970049C568 /* YHTAddressPicker */,
			);
		};
/* End PBXProject section */

/* Begin PBXResourcesBuildPhase section */
		DBBD5DBE1EEE79970049C568 /* Resources */ = {
			isa = PBXResourcesBuildPhase;
			buildActionMask = 2147483647;
			files = (
				DBBD5DD31EEE79970049C568 /* LaunchScreen.storyboard in Resources */,
				DBBD5DD01EEE79970049C568 /* Assets.xcassets in Resources */,
				DB1B7CB11EEF8D40000CFECC /* cityArea.plist in Resources */,
				DBBD5DCE1EEE79970049C568 /* Main.storyboard in Resources */,
			);
			runOnlyForDeploymentPostprocessing = 0;
		};
/* End PBXResourcesBuildPhase section */

/* Begin PBXSourcesBuildPhase section */
		DBBD5DBC1EEE79970049C568 /* Sources */ = {
			isa = PBXSourcesBuildPhase;
			buildActionMask = 2147483647;
			files = (
				DBBD5DCB1EEE79970049C568 /* ViewController.m in Sources */,
				DBBD5DC81EEE79970049C568 /* AppDelegate.m in Sources */,
				DBBD5DE11EEE7B130049C568 /* YHTAddressModel.m in Sources */,
				DB1B7CB61EEFCF82000CFECC /* YHTAddressTableContentViewController.m in Sources */,
				DBBD5DE51EEE8F510049C568 /* YHTAddressDefaultDataSource.m in Sources */,
				DBBD5DDD1EEE79ED0049C568 /* YHTAddressPickerViewController.m in Sources */,
				DBBD5DC51EEE79970049C568 /* main.m in Sources */,
			);
			runOnlyForDeploymentPostprocessing = 0;
		};
/* End PBXSourcesBuildPhase section */

/* Begin PBXVariantGroup section */
		DBBD5DCC1EEE79970049C568 /* Main.storyboard */ = {
			isa = PBXVariantGroup;
			children = (
				DBBD5DCD1EEE79970049C568 /* Base */,
			);
			name = Main.storyboard;
			sourceTree = "<group>";
		};
		DBBD5DD11EEE79970049C568 /* LaunchScreen.storyboard */ = {
			isa = PBXVariantGroup;
			children = (
				DBBD5DD21EEE79970049C568 /* Base */,
			);
			name = LaunchScreen.storyboard;
			sourceTree = "<group>";
		};
/* End PBXVariantGroup section */

/* Begin XCBuildConfiguration section */
		DBBD5DD51EEE79970049C568 /* Debug */ = {
			isa = XCBuildConfiguration;
			buildSettings = {
				ALWAYS_SEARCH_USER_PATHS = NO;
				CLANG_ANALYZER_NONNULL = YES;
				CLANG_CXX_LANGUAGE_STANDARD = "gnu++0x";
				CLANG_CXX_LIBRARY = "libc++";
				CLANG_ENABLE_MODULES = YES;
				CLANG_ENABLE_OBJC_ARC = YES;
				CLANG_WARN_BOOL_CONVERSION = YES;
				CLANG_WARN_CONSTANT_CONVERSION = YES;
				CLANG_WARN_DIRECT_OBJC_ISA_USAGE = YES_ERROR;
				CLANG_WARN_DOCUMENTATION_COMMENTS = YES;
				CLANG_WARN_EMPTY_BODY = YES;
				CLANG_WARN_ENUM_CONVERSION = YES;
				CLANG_WARN_INFINITE_RECURSION = YES;
				CLANG_WARN_INT_CONVERSION = YES;
				CLANG_WARN_OBJC_ROOT_CLASS = YES_ERROR;
				CLANG_WARN_SUSPICIOUS_MOVE = YES;
				CLANG_WARN_UNREACHABLE_CODE = YES;
				CLANG_WARN__DUPLICATE_METHOD_MATCH = YES;
				"CODE_SIGN_IDENTITY[sdk=iphoneos*]" = "iPhone Developer";
				COPY_PHASE_STRIP = NO;
				DEBUG_INFORMATION_FORMAT = dwarf;
				ENABLE_STRICT_OBJC_MSGSEND = YES;
				ENABLE_TESTABILITY = YES;
				GCC_C_LANGUAGE_STANDARD = gnu99;
				GCC_DYNAMIC_NO_PIC = NO;
				GCC_NO_COMMON_BLOCKS = YES;
				GCC_OPTIMIZATION_LEVEL = 0;
				GCC_PREPROCESSOR_DEFINITIONS = (
					"DEBUG=1",
					"$(inherited)",
				);
				GCC_WARN_64_TO_32_BIT_CONVERSION = YES;
				GCC_WARN_ABOUT_RETURN_TYPE = YES_ERROR;
				GCC_WARN_UNDECLARED_SELECTOR = YES;
				GCC_WARN_UNINITIALIZED_AUTOS = YES_AGGRESSIVE;
				GCC_WARN_UNUSED_FUNCTION = YES;
				GCC_WARN_UNUSED_VARIABLE = YES;
				IPHONEOS_DEPLOYMENT_TARGET = 10.2;
				MTL_ENABLE_DEBUG_INFO = YES;
				ONLY_ACTIVE_ARCH = YES;
				SDKROOT = iphoneos;
			};
			name = Debug;
		};
		DBBD5DD61EEE79970049C568 /* Release */ = {
			isa = XCBuildConfiguration;
			buildSettings = {
				ALWAYS_SEARCH_USER_PATHS = NO;
				CLANG_ANALYZER_NONNULL = YES;
				CLANG_CXX_LANGUAGE_STANDARD = "gnu++0x";
				CLANG_CXX_LIBRARY = "libc++";
				CLANG_ENABLE_MODULES = YES;
				CLANG_ENABLE_OBJC_ARC = YES;
				CLANG_WARN_BOOL_CONVERSION = YES;
				CLANG_WARN_CONSTANT_CONVERSION = YES;
				CLANG_WARN_DIRECT_OBJC_ISA_USAGE = YES_ERROR;
				CLANG_WARN_DOCUMENTATION_COMMENTS = YES;
				CLANG_WARN_EMPTY_BODY = YES;
				CLANG_WARN_ENUM_CONVERSION = YES;
				CLANG_WARN_INFINITE_RECURSION = YES;
				CLANG_WARN_INT_CONVERSION = YES;
				CLANG_WARN_OBJC_ROOT_CLASS = YES_ERROR;
				CLANG_WARN_SUSPICIOUS_MOVE = YES;
				CLANG_WARN_UNREACHABLE_CODE = YES;
				CLANG_WARN__DUPLICATE_METHOD_MATCH = YES;
				"CODE_SIGN_IDENTITY[sdk=iphoneos*]" = "iPhone Developer";
				COPY_PHASE_STRIP = NO;
				DEBUG_INFORMATION_FORMAT = "dwarf-with-dsym";
				ENABLE_NS_ASSERTIONS = NO;
				ENABLE_STRICT_OBJC_MSGSEND = YES;
				GCC_C_LANGUAGE_STANDARD = gnu99;
				GCC_NO_COMMON_BLOCKS = YES;
				GCC_WARN_64_TO_32_BIT_CONVERSION = YES;
				GCC_WARN_ABOUT_RETURN_TYPE = YES_ERROR;
				GCC_WARN_UNDECLARED_SELECTOR = YES;
				GCC_WARN_UNINITIALIZED_AUTOS = YES_AGGRESSIVE;
				GCC_WARN_UNUSED_FUNCTION = YES;
				GCC_WARN_UNUSED_VARIABLE = YES;
				IPHONEOS_DEPLOYMENT_TARGET = 10.2;
				MTL_ENABLE_DEBUG_INFO = NO;
				SDKROOT = iphoneos;
				VALIDATE_PRODUCT = YES;
			};
			name = Release;
		};
		DBBD5DD81EEE79970049C568 /* Debug */ = {
			isa = XCBuildConfiguration;
			buildSettings = {
				ASSETCATALOG_COMPILER_APPICON_NAME = AppIcon;
				DEVELOPMENT_TEAM = 3X434F5U2F;
				INFOPLIST_FILE = YHTAddressPicker/Info.plist;
				IPHONEOS_DEPLOYMENT_TARGET = 8.0;
				LD_RUNPATH_SEARCH_PATHS = "$(inherited) @executable_path/Frameworks";
				PRODUCT_BUNDLE_IDENTIFIER = com.develop.all;
				PRODUCT_NAME = "$(TARGET_NAME)";
			};
			name = Debug;
		};
		DBBD5DD91EEE79970049C568 /* Release */ = {
			isa = XCBuildConfiguration;
			buildSettings = {
				ASSETCATALOG_COMPILER_APPICON_NAME = AppIcon;
				DEVELOPMENT_TEAM = 3X434F5U2F;
				INFOPLIST_FILE = YHTAddressPicker/Info.plist;
				IPHONEOS_DEPLOYMENT_TARGET = 8.0;
				LD_RUNPATH_SEARCH_PATHS = "$(inherited) @executable_path/Frameworks";
				PRODUCT_BUNDLE_IDENTIFIER = com.develop.all;
				PRODUCT_NAME = "$(TARGET_NAME)";
			};
			name = Release;
		};
/* End XCBuildConfiguration section */

/* Begin XCConfigurationList section */
		DBBD5DBB1EEE79970049C568 /* Build configuration list for PBXProject "YHTAddressPicker" */ = {
			isa = XCConfigurationList;
			buildConfigurations = (
				DBBD5DD51EEE79970049C568 /* Debug */,
				DBBD5DD61EEE79970049C568 /* Release */,
			);
			defaultConfigurationIsVisible = 0;
			defaultConfigurationName = Release;
		};
		DBBD5DD71EEE79970049C568 /* Build configuration list for PBXNativeTarget "YHTAddressPicker" */ = {
			isa = XCConfigurationList;
			buildConfigurations = (
				DBBD5DD81EEE79970049C568 /* Debug */,
				DBBD5DD91EEE79970049C568 /* Release */,
			);
			defaultConfigurationIsVisible = 0;
			defaultConfigurationName = Release;
		};
/* End XCConfigurationList section */
	};
	rootObject = DBBD5DB81EEE79970049C568 /* Project object */;
}
